
Microsoft Visual Studio Solution File, Format Version 12.00
# Visual Studio Version 16
VisualStudioVersion = 16.0.31205.134
MinimumVisualStudioVersion = 10.0.40219.1
Project("{FAE04EC0-301F-11D3-BF4B-00C04F79EFBC}") = "CalypsoAPI.WinForms", "CalypsoAPI.WinForms\CalypsoAPI.WinForms.csproj", "{AD2BB2B5-77F6-46A9-86E5-DC5AE4613C4B}"
EndProject
Project("{FAE04EC0-301F-11D3-BF4B-00C04F79EFBC}") = "CalypsoAPI.Core", "CalypsoAPI.Core\CalypsoAPI.Core.csproj", "{52511231-9D62-465C-A526-4C6F33503526}"
EndProject
Global
	GlobalSection(SolutionConfigurationPlatforms) = preSolution
		Debug|Any CPU = Debug|Any CPU
		Release|Any CPU = Release|Any CPU
	EndGlobalSection
	GlobalSection(ProjectConfigurationPlatforms) = postSolution
		{AD2BB2B5-77F6-46A9-86E5-DC5AE4613C4B}.Debug|Any CPU.ActiveCfg = Debug|Any CPU
		{AD2BB2B5-77F6-46A9-86E5-DC5AE4613C4B}.Debug|Any CPU.Build.0 = Debug|Any CPU
		{AD2BB2B5-77F6-46A9-86E5-DC5AE4613C4B}.Release|Any CPU.ActiveCfg = Release|Any CPU
		{AD2BB2B5-77F6-46A9-86E5-DC5AE4613C4B}.Release|Any CPU.Build.0 = Release|Any CPU
		{52511231-9D62-465C-A526-4C6F33503526}.Debug|Any CPU.ActiveCfg = Debug|Any CPU
		{52511231-9D62-465C-A526-4C6F33503526}.Debug|Any CPU.Build.0 = Debug|Any CPU
		{52511231-9D62-465C-A526-4C6F33503526}.Release|Any CPU.ActiveCfg = Release|Any CPU
		{52511231-9D62-465C-A526-4C6F33503526}.Release|Any CPU.Build.0 = Release|Any CPU
	EndGlobalSection
	GlobalSection(SolutionProperties) = preSolution
		HideSolutionNode = FALSE
	EndGlobalSection
	GlobalSection(ExtensibilityGlobals) = postSolution
		SolutionGuid = {3E0E63CA-2211-4041-91A6-E6C54D212EC7}
	EndGlobalSection
EndGlobal
