
Microsoft Visual Studio Solution File, Format Version 12.00
# Visual Studio Version 16
VisualStudioVersion = 16.0.31205.134
MinimumVisualStudioVersion = 10.0.40219.1
Project("{FAE04EC0-301F-11D3-BF4B-00C04F79EFBC}") = "CalypsoAPI", "CalypsoAPI\CalypsoAPI.csproj", "{52511231-9D62-465C-A526-4C6F33503526}"
EndProject
Project("{9A19103F-16F7-4668-BE54-9A1E7A4F7556}") = "CalypsoAPI.WebApi", "CalypsoAPI.WebApi\CalypsoAPI.WebApi.csproj", "{0CF4821E-D47E-4628-B430-3C4026BA9B5C}"
EndProject
Project("{9A19103F-16F7-4668-BE54-9A1E7A4F7556}") = "CalypsoAPI.Test", "CalypsoAPI.Test\CalypsoAPI.Test.csproj", "{720B71BB-91B0-4749-B211-67C732AD8C73}"
EndProject
Project("{FAE04EC0-301F-11D3-BF4B-00C04F79EFBC}") = "CalypsoAPI.UI", "CalypsoAPI.UI\CalypsoAPI.UI.csproj", "{EAB99CEE-5B9D-4728-B755-321A37303C13}"
EndProject
Global
	GlobalSection(SolutionConfigurationPlatforms) = preSolution
		Debug|Any CPU = Debug|Any CPU
		Release|Any CPU = Release|Any CPU
	EndGlobalSection
	GlobalSection(ProjectConfigurationPlatforms) = postSolution
		{52511231-9D62-465C-A526-4C6F33503526}.Debug|Any CPU.ActiveCfg = Debug|Any CPU
		{52511231-9D62-465C-A526-4C6F33503526}.Debug|Any CPU.Build.0 = Debug|Any CPU
		{52511231-9D62-465C-A526-4C6F33503526}.Release|Any CPU.ActiveCfg = Release|Any CPU
		{52511231-9D62-465C-A526-4C6F33503526}.Release|Any CPU.Build.0 = Release|Any CPU
		{0CF4821E-D47E-4628-B430-3C4026BA9B5C}.Debug|Any CPU.ActiveCfg = Debug|Any CPU
		{0CF4821E-D47E-4628-B430-3C4026BA9B5C}.Debug|Any CPU.Build.0 = Debug|Any CPU
		{0CF4821E-D47E-4628-B430-3C4026BA9B5C}.Release|Any CPU.ActiveCfg = Release|Any CPU
		{0CF4821E-D47E-4628-B430-3C4026BA9B5C}.Release|Any CPU.Build.0 = Release|Any CPU
		{720B71BB-91B0-4749-B211-67C732AD8C73}.Debug|Any CPU.ActiveCfg = Debug|Any CPU
		{720B71BB-91B0-4749-B211-67C732AD8C73}.Debug|Any CPU.Build.0 = Debug|Any CPU
		{720B71BB-91B0-4749-B211-67C732AD8C73}.Release|Any CPU.ActiveCfg = Release|Any CPU
		{720B71BB-91B0-4749-B211-67C732AD8C73}.Release|Any CPU.Build.0 = Release|Any CPU
		{EAB99CEE-5B9D-4728-B755-321A37303C13}.Debug|Any CPU.ActiveCfg = Debug|Any CPU
		{EAB99CEE-5B9D-4728-B755-321A37303C13}.Debug|Any CPU.Build.0 = Debug|Any CPU
		{EAB99CEE-5B9D-4728-B755-321A37303C13}.Release|Any CPU.ActiveCfg = Release|Any CPU
		{EAB99CEE-5B9D-4728-B755-321A37303C13}.Release|Any CPU.Build.0 = Release|Any CPU
	EndGlobalSection
	GlobalSection(SolutionProperties) = preSolution
		HideSolutionNode = FALSE
	EndGlobalSection
	GlobalSection(ExtensibilityGlobals) = postSolution
		SolutionGuid = {3E0E63CA-2211-4041-91A6-E6C54D212EC7}
	EndGlobalSection
EndGlobal
